{
  "version": 4,
  "terraform_version": "1.14.3",
  "serial": 136,
  "lineage": "14d02829-edc2-95c1-7dff-d34874e444e2",
  "outputs": {
    "aws_web_1_public_ip": {
      "value": "158.252.78.204",
      "type": "string"
    },
    "aws_web_2_public_ip": {
      "value": "3.29.231.98",
      "type": "string"
    },
    "webserver_public_ip": {
      "value": "51.112.51.163",
      "type": "string"
    }
  },
  "resources": [
    {
      "mode": "data",
      "type": "http",
      "name": "my_ip",
      "provider": "provider[\"registry.terraform.io/hashicorp/http\"]",
      "instances": [
        {
          "schema_version": 0,
          "attributes": {
            "body": "20.192.21.53\n",
            "ca_cert_pem": null,
            "client_cert_pem": null,
            "client_key_pem": null,
            "id": "https://icanhazip.com",
            "insecure": null,
            "method": null,
            "request_body": null,
            "request_headers": null,
            "request_timeout_ms": null,
            "response_body": "20.192.21.53\n",
            "response_body_base64": "MjAuMTkyLjIxLjUzCg==",
            "response_headers": {
              "Access-Control-Allow-Methods": "GET",
              "Access-Control-Allow-Origin": "*",
              "Alt-Svc": "h3=\":443\"; ma=86400",
              "Cf-Ray": "9b79dc63b8b50bb8-BOM",
              "Content-Length": "13",
              "Content-Type": "text/plain",
              "Date": "Fri, 02 Jan 2026 11:19:20 GMT",
              "Server": "cloudflare",
              "Set-Cookie": "__cf_bm=s.pDvGGA1kTgbz4LSBiXq516ugCKSZ7DFBLspOXbUn0-1767352760-1.0.1.1-mFMLqWBoxCbAuD2v0wq3JtXcgctwOd3JmPzohtT.4fioL6_gdoSw3m0HXO3WPYoJPVXm7fVeg9IlVXj4n.qSIzvGJpKmSkglE5MRnql5b7g; path=/; expires=Fri, 02-Jan-26 11:49:20 GMT; domain=.icanhazip.com; HttpOnly; Secure; SameSite=None",
              "Vary": "Accept-Encoding"
            },
            "retry": null,
            "status_code": 200,
            "url": "https://icanhazip.com"
          },
          "sensitive_attributes": [],
          "identity_schema_version": 0
        }
      ]
    },
    {
      "mode": "managed",
      "type": "aws_default_route_table",
      "name": "main_rt",
      "provider": "provider[\"registry.terraform.io/hashicorp/aws\"]",
      "instances": [
        {
          "schema_version": 0,
          "attributes": {
            "arn": "arn:aws:ec2:me-central-1:249471344514:route-table/rtb-02bd4fe212be0245b",
            "default_route_table_id": "rtb-02bd4fe212be0245b",
            "id": "rtb-02bd4fe212be0245b",
            "owner_id": "249471344514",
            "propagating_vgws": [],
            "region": "me-central-1",
            "route": [
              {
                "cidr_block": "0.0.0.0/0",
                "core_network_arn": "",
                "destination_prefix_list_id": "",
                "egress_only_gateway_id": "",
                "gateway_id": "igw-0b47a6259398f2a58",
                "instance_id": "",
                "ipv6_cidr_block": "",
                "nat_gateway_id": "",
                "network_interface_id": "",
                "transit_gateway_id": "",
                "vpc_endpoint_id": "",
                "vpc_peering_connection_id": ""
              }
            ],
            "tags": {
              "Name": "dev-rt"
            },
            "tags_all": {
              "Name": "dev-rt"
            },
            "timeouts": null,
            "vpc_id": "vpc-0b8820211b0a292d3"
          },
          "sensitive_attributes": [],
          "identity_schema_version": 0,
          "private": "eyJlMmJmYjczMC1lY2FhLTExZTYtOGY4OC0zNDM2M2JjN2M0YzAiOnsiY3JlYXRlIjoxMjAwMDAwMDAwMDAsInVwZGF0ZSI6MTIwMDAwMDAwMDAwfX0=",
          "dependencies": [
            "aws_internet_gateway.myapp_igw",
            "aws_vpc.myapp_vpc"
          ]
        }
      ]
    },
    {
      "mode": "managed",
      "type": "aws_internet_gateway",
      "name": "myapp_igw",
      "provider": "provider[\"registry.terraform.io/hashicorp/aws\"]",
      "instances": [
        {
          "schema_version": 0,
          "attributes": {
            "arn": "arn:aws:ec2:me-central-1:249471344514:internet-gateway/igw-0b47a6259398f2a58",
            "id": "igw-0b47a6259398f2a58",
            "owner_id": "249471344514",
            "region": "me-central-1",
            "tags": {
              "Name": "dev-igw"
            },
            "tags_all": {
              "Name": "dev-igw"
            },
            "timeouts": null,
            "vpc_id": "vpc-0b8820211b0a292d3"
          },
          "sensitive_attributes": [],
          "identity_schema_version": 0,
          "private": "eyJlMmJmYjczMC1lY2FhLTExZTYtOGY4OC0zNDM2M2JjN2M0YzAiOnsiY3JlYXRlIjoxMjAwMDAwMDAwMDAwLCJkZWxldGUiOjEyMDAwMDAwMDAwMDAsInVwZGF0ZSI6MTIwMDAwMDAwMDAwMH19",
          "dependencies": [
            "aws_vpc.myapp_vpc"
          ]
        }
      ]
    },
    {
      "mode": "managed",
      "type": "aws_key_pair",
      "name": "ssh_key",
      "provider": "provider[\"registry.terraform.io/hashicorp/aws\"]",
      "instances": [
        {
          "schema_version": 1,
          "attributes": {
            "arn": "arn:aws:ec2:me-central-1:249471344514:key-pair/serverkey",
            "fingerprint": "K2w+XJzOpBoThWn8inaMrbpoxLevXf2dEgvDRM3IicA=",
            "id": "serverkey",
            "key_name": "serverkey",
            "key_name_prefix": "",
            "key_pair_id": "key-0c66243af8a1a27e3",
            "key_type": "ed25519",
            "public_key": "ssh-ed25519 AAAAC3NzaC1lZDI1NTE5AAAAIN0zZE1jwlzLDpSeyenGIVT0bzy0WuD9jvy5CC1mffm2 codespace@codespaces-704975",
            "region": "me-central-1",
            "tags": {},
            "tags_all": {}
          },
          "sensitive_attributes": [],
          "identity_schema_version": 0,
          "private": "eyJzY2hlbWFfdmVyc2lvbiI6IjEifQ=="
        }
      ]
    },
    {
      "mode": "managed",
      "type": "aws_subnet",
      "name": "myapp_subnet_1",
      "provider": "provider[\"registry.terraform.io/hashicorp/aws\"]",
      "instances": [
        {
          "schema_version": 1,
          "attributes": {
            "arn": "arn:aws:ec2:me-central-1:249471344514:subnet/subnet-0cee13893c010dee1",
            "assign_ipv6_address_on_creation": false,
            "availability_zone": "me-central-1a",
            "availability_zone_id": "mec1-az1",
            "cidr_block": "10.0.10.0/24",
            "customer_owned_ipv4_pool": "",
            "enable_dns64": false,
            "enable_lni_at_device_index": 0,
            "enable_resource_name_dns_a_record_on_launch": false,
            "enable_resource_name_dns_aaaa_record_on_launch": false,
            "id": "subnet-0cee13893c010dee1",
            "ipv6_cidr_block": "",
            "ipv6_cidr_block_association_id": "",
            "ipv6_native": false,
            "map_customer_owned_ip_on_launch": false,
            "map_public_ip_on_launch": false,
            "outpost_arn": "",
            "owner_id": "249471344514",
            "private_dns_hostname_type_on_launch": "ip-name",
            "region": "me-central-1",
            "tags": {
              "Name": "dev-subnet-1"
            },
            "tags_all": {
              "Name": "dev-subnet-1"
            },
            "timeouts": null,
            "vpc_id": "vpc-0b8820211b0a292d3"
          },
          "sensitive_attributes": [],
          "identity_schema_version": 0,
          "identity": {
            "account_id": "249471344514",
            "id": "subnet-0cee13893c010dee1",
            "region": "me-central-1"
          },
          "private": "eyJlMmJmYjczMC1lY2FhLTExZTYtOGY4OC0zNDM2M2JjN2M0YzAiOnsiY3JlYXRlIjo2MDAwMDAwMDAwMDAsImRlbGV0ZSI6MTIwMDAwMDAwMDAwMH0sInNjaGVtYV92ZXJzaW9uIjoiMSJ9",
          "dependencies": [
            "aws_vpc.myapp_vpc"
          ]
        }
      ]
    },
    {
      "mode": "managed",
      "type": "aws_vpc",
      "name": "myapp_vpc",
      "provider": "provider[\"registry.terraform.io/hashicorp/aws\"]",
      "instances": [
        {
          "schema_version": 1,
          "attributes": {
            "arn": "arn:aws:ec2:me-central-1:249471344514:vpc/vpc-0b8820211b0a292d3",
            "assign_generated_ipv6_cidr_block": false,
            "cidr_block": "10.0.0.0/16",
            "default_network_acl_id": "acl-0060513ef6efabc4a",
            "default_route_table_id": "rtb-02bd4fe212be0245b",
            "default_security_group_id": "sg-00aa516e47dad1105",
            "dhcp_options_id": "dopt-0df9d1f801b853f87",
            "enable_dns_hostnames": false,
            "enable_dns_support": true,
            "enable_network_address_usage_metrics": false,
            "id": "vpc-0b8820211b0a292d3",
            "instance_tenancy": "default",
            "ipv4_ipam_pool_id": null,
            "ipv4_netmask_length": null,
            "ipv6_association_id": "",
            "ipv6_cidr_block": "",
            "ipv6_cidr_block_network_border_group": "",
            "ipv6_ipam_pool_id": "",
            "ipv6_netmask_length": 0,
            "main_route_table_id": "rtb-02bd4fe212be0245b",
            "owner_id": "249471344514",
            "region": "me-central-1",
            "tags": {
              "Name": "dev-vpc"
            },
            "tags_all": {
              "Name": "dev-vpc"
            }
          },
          "sensitive_attributes": [],
          "identity_schema_version": 0,
          "identity": {
            "account_id": "249471344514",
            "id": "vpc-0b8820211b0a292d3",
            "region": "me-central-1"
          },
          "private": "eyJzY2hlbWFfdmVyc2lvbiI6IjEifQ=="
        }
      ]
    },
    {
      "module": "module.myapp_web_1",
      "mode": "managed",
      "type": "aws_instance",
      "name": "myapp-server",
      "provider": "provider[\"registry.terraform.io/hashicorp/aws\"]",
      "instances": [
        {
          "schema_version": 2,
          "attributes": {
            "ami": "ami-05524d6658fcf35b6",
            "arn": "arn:aws:ec2:me-central-1:249471344514:instance/i-03d3d695465252026",
            "associate_public_ip_address": true,
            "availability_zone": "me-central-1a",
            "capacity_reservation_specification": [
              {
                "capacity_reservation_preference": "open",
                "capacity_reservation_target": []
              }
            ],
            "cpu_options": [
              {
                "amd_sev_snp": "",
                "core_count": 1,
                "threads_per_core": 2
              }
            ],
            "credit_specification": [
              {
                "cpu_credits": "unlimited"
              }
            ],
            "disable_api_stop": false,
            "disable_api_termination": false,
            "ebs_block_device": [],
            "ebs_optimized": false,
            "enable_primary_ipv6": null,
            "enclave_options": [
              {
                "enabled": false
              }
            ],
            "ephemeral_block_device": [],
            "force_destroy": false,
            "get_password_data": false,
            "hibernation": false,
            "host_id": "",
            "host_resource_group_arn": null,
            "iam_instance_profile": "",
            "id": "i-03d3d695465252026",
            "instance_initiated_shutdown_behavior": "stop",
            "instance_lifecycle": "",
            "instance_market_options": [],
            "instance_state": "running",
            "instance_type": "t3.micro",
            "ipv6_address_count": 0,
            "ipv6_addresses": [],
            "key_name": "dev-serverkey-1",
            "launch_template": [],
            "maintenance_options": [
              {
                "auto_recovery": "default"
              }
            ],
            "metadata_options": [
              {
                "http_endpoint": "enabled",
                "http_protocol_ipv6": "disabled",
                "http_put_response_hop_limit": 2,
                "http_tokens": "required",
                "instance_metadata_tags": "disabled"
              }
            ],
            "monitoring": false,
            "network_interface": [],
            "outpost_arn": "",
            "password_data": "",
            "placement_group": "",
            "placement_group_id": "",
            "placement_partition_number": 0,
            "primary_network_interface": [
              {
                "delete_on_termination": true,
                "network_interface_id": "eni-0b17f920a73cbe125"
              }
            ],
            "primary_network_interface_id": "eni-0b17f920a73cbe125",
            "private_dns": "ip-10-0-10-101.me-central-1.compute.internal",
            "private_dns_name_options": [
              {
                "enable_resource_name_dns_a_record": false,
                "enable_resource_name_dns_aaaa_record": false,
                "hostname_type": "ip-name"
              }
            ],
            "private_ip": "10.0.10.101",
            "public_dns": "",
            "public_ip": "158.252.78.204",
            "region": "me-central-1",
            "root_block_device": [
              {
                "delete_on_termination": true,
                "device_name": "/dev/xvda",
                "encrypted": false,
                "iops": 3000,
                "kms_key_id": "",
                "tags": {},
                "tags_all": {},
                "throughput": 125,
                "volume_id": "vol-0fce04801913ba941",
                "volume_size": 8,
                "volume_type": "gp3"
              }
            ],
            "secondary_private_ips": [],
            "security_groups": [
              "sg-0b210049d0b421b99"
            ],
            "source_dest_check": true,
            "spot_instance_request_id": "",
            "subnet_id": "subnet-0cee13893c010dee1",
            "tags": {
              "Name": "dev-ec2-instance-1"
            },
            "tags_all": {
              "Name": "dev-ec2-instance-1"
            },
            "tenancy": "default",
            "timeouts": null,
            "user_data": "#!/bin/bash\nyum update -y\nyum install httpd -y\nsystemctl start httpd\nsystemctl enable httpd\necho \"\u003ch1\u003eWelcome to My Web Server\u003c/h1\u003e\" \u003e /var/www/html/index.html\nhostnamectl set-hostname myapp-webserver\necho \"\u003ch2\u003eHostname:  $(hostname)\u003c/h2\u003e\" \u003e\u003e /var/www/html/index.html\nTOKEN=$(curl -s -X PUT \"http://169.254.169.254/latest/api/token\" \\\n  -H \"X-aws-ec2-metadata-token-ttl-seconds: 21600\") \necho \"\u003ch2\u003ePrivate IP: $(curl -s -H \"X-aws-ec2-metadata-token: $TOKEN\"  http://169.254.169.254/latest/meta-data/local-ipv4)\u003c/h2\u003e\" \u003e\u003e /var/www/html/index.html\necho \"\u003ch2\u003ePublic IP: $(curl -s -H \"X-aws-ec2-metadata-token: $TOKEN\"  http://169.254.169.254/latest/meta-data/public-ipv4)\u003c/h2\u003e\" \u003e\u003e /var/www/html/index.html\necho \"\u003ch2\u003ePublic DNS: $(curl -s -H \"X-aws-ec2-metadata-token: $TOKEN\"  http://169.254.169.254/latest/meta-data/public-hostname)\u003c/h2\u003e\" \u003e\u003e /var/www/html/index.html\necho \"\u003ch2\u003eDeployed via Terraform\u003c/h2\u003e\" \u003e\u003e /var/www/html/index. html",
            "user_data_base64": null,
            "user_data_replace_on_change": false,
            "volume_tags": null,
            "vpc_security_group_ids": [
              "sg-0b210049d0b421b99"
            ]
          },
          "sensitive_attributes": [],
          "identity_schema_version": 0,
          "identity": {
            "account_id": "249471344514",
            "id": "i-03d3d695465252026",
            "region": "me-central-1"
          },
          "private": "eyJlMmJmYjczMC1lY2FhLTExZTYtOGY4OC0zNDM2M2JjN2M0YzAiOnsiY3JlYXRlIjo2MDAwMDAwMDAwMDAsImRlbGV0ZSI6MTIwMDAwMDAwMDAwMCwicmVhZCI6OTAwMDAwMDAwMDAwLCJ1cGRhdGUiOjYwMDAwMDAwMDAwMH0sInNjaGVtYV92ZXJzaW9uIjoiMiJ9",
          "dependencies": [
            "aws_subnet.myapp_subnet_1",
            "aws_vpc.myapp_vpc",
            "data.http.my_ip",
            "module.myapp_web_1.aws_key_pair.ssh-key",
            "module.myapp_web_1.aws_security_group.web_sg"
          ]
        }
      ]
    },
    {
      "module": "module.myapp_web_1",
      "mode": "managed",
      "type": "aws_key_pair",
      "name": "ssh-key",
      "provider": "provider[\"registry.terraform.io/hashicorp/aws\"]",
      "instances": [
        {
          "schema_version": 1,
          "attributes": {
            "arn": "arn:aws:ec2:me-central-1:249471344514:key-pair/dev-serverkey-1",
            "fingerprint": "K2w+XJzOpBoThWn8inaMrbpoxLevXf2dEgvDRM3IicA=",
            "id": "dev-serverkey-1",
            "key_name": "dev-serverkey-1",
            "key_name_prefix": "",
            "key_pair_id": "key-0d5aeda41a8dcd90b",
            "key_type": "ed25519",
            "public_key": "ssh-ed25519 AAAAC3NzaC1lZDI1NTE5AAAAIN0zZE1jwlzLDpSeyenGIVT0bzy0WuD9jvy5CC1mffm2 codespace@codespaces-704975",
            "region": "me-central-1",
            "tags": {},
            "tags_all": {}
          },
          "sensitive_attributes": [],
          "identity_schema_version": 0,
          "private": "eyJzY2hlbWFfdmVyc2lvbiI6IjEifQ=="
        }
      ]
    },
    {
      "module": "module.myapp_web_1",
      "mode": "managed",
      "type": "aws_security_group",
      "name": "web_sg",
      "provider": "provider[\"registry.terraform.io/hashicorp/aws\"]",
      "instances": [
        {
          "schema_version": 1,
          "attributes": {
            "arn": "arn:aws:ec2:me-central-1:249471344514:security-group/sg-0b210049d0b421b99",
            "description": "Security group for web server allowing HTTP, HTTPS and SSH",
            "egress": [
              {
                "cidr_blocks": [
                  "0.0.0.0/0"
                ],
                "description": "",
                "from_port": 0,
                "ipv6_cidr_blocks": [],
                "prefix_list_ids": [],
                "protocol": "-1",
                "security_groups": [],
                "self": false,
                "to_port": 0
              }
            ],
            "id": "sg-0b210049d0b421b99",
            "ingress": [
              {
                "cidr_blocks": [
                  "0.0.0.0/0"
                ],
                "description": "",
                "from_port": 443,
                "ipv6_cidr_blocks": [],
                "prefix_list_ids": [],
                "protocol": "tcp",
                "security_groups": [],
                "self": false,
                "to_port": 443
              },
              {
                "cidr_blocks": [
                  "0.0.0.0/0"
                ],
                "description": "",
                "from_port": 80,
                "ipv6_cidr_blocks": [],
                "prefix_list_ids": [],
                "protocol": "tcp",
                "security_groups": [],
                "self": false,
                "to_port": 80
              },
              {
                "cidr_blocks": [
                  "20.192.21.53/32"
                ],
                "description": "",
                "from_port": 22,
                "ipv6_cidr_blocks": [],
                "prefix_list_ids": [],
                "protocol": "tcp",
                "security_groups": [],
                "self": false,
                "to_port": 22
              }
            ],
            "name": "dev-web-sg-1",
            "name_prefix": "",
            "owner_id": "249471344514",
            "region": "me-central-1",
            "revoke_rules_on_delete": false,
            "tags": {
              "Name": "dev-default-sg"
            },
            "tags_all": {
              "Name": "dev-default-sg"
            },
            "timeouts": null,
            "vpc_id": "vpc-0b8820211b0a292d3"
          },
          "sensitive_attributes": [],
          "identity_schema_version": 0,
          "identity": {
            "account_id": "249471344514",
            "id": "sg-0b210049d0b421b99",
            "region": "me-central-1"
          },
          "private": "eyJlMmJmYjczMC1lY2FhLTExZTYtOGY4OC0zNDM2M2JjN2M0YzAiOnsiY3JlYXRlIjo2MDAwMDAwMDAwMDAsImRlbGV0ZSI6OTAwMDAwMDAwMDAwfSwic2NoZW1hX3ZlcnNpb24iOiIxIn0=",
          "dependencies": [
            "aws_vpc.myapp_vpc",
            "data.http.my_ip"
          ]
        }
      ]
    },
    {
      "module": "module.myapp_web_2",
      "mode": "managed",
      "type": "aws_instance",
      "name": "myapp-server",
      "provider": "provider[\"registry.terraform.io/hashicorp/aws\"]",
      "instances": [
        {
          "schema_version": 2,
          "attributes": {
            "ami": "ami-05524d6658fcf35b6",
            "arn": "arn:aws:ec2:me-central-1:249471344514:instance/i-08ccf5ff446d588b3",
            "associate_public_ip_address": true,
            "availability_zone": "me-central-1a",
            "capacity_reservation_specification": [
              {
                "capacity_reservation_preference": "open",
                "capacity_reservation_target": []
              }
            ],
            "cpu_options": [
              {
                "amd_sev_snp": "",
                "core_count": 1,
                "threads_per_core": 2
              }
            ],
            "credit_specification": [
              {
                "cpu_credits": "unlimited"
              }
            ],
            "disable_api_stop": false,
            "disable_api_termination": false,
            "ebs_block_device": [],
            "ebs_optimized": false,
            "enable_primary_ipv6": null,
            "enclave_options": [
              {
                "enabled": false
              }
            ],
            "ephemeral_block_device": [],
            "force_destroy": false,
            "get_password_data": false,
            "hibernation": false,
            "host_id": "",
            "host_resource_group_arn": null,
            "iam_instance_profile": "",
            "id": "i-08ccf5ff446d588b3",
            "instance_initiated_shutdown_behavior": "stop",
            "instance_lifecycle": "",
            "instance_market_options": [],
            "instance_state": "running",
            "instance_type": "t3.micro",
            "ipv6_address_count": 0,
            "ipv6_addresses": [],
            "key_name": "dev-serverkey-2",
            "launch_template": [],
            "maintenance_options": [
              {
                "auto_recovery": "default"
              }
            ],
            "metadata_options": [
              {
                "http_endpoint": "enabled",
                "http_protocol_ipv6": "disabled",
                "http_put_response_hop_limit": 2,
                "http_tokens": "required",
                "instance_metadata_tags": "disabled"
              }
            ],
            "monitoring": false,
            "network_interface": [],
            "outpost_arn": "",
            "password_data": "",
            "placement_group": "",
            "placement_group_id": "",
            "placement_partition_number": 0,
            "primary_network_interface": [
              {
                "delete_on_termination": true,
                "network_interface_id": "eni-034c8bdb0fd2549f0"
              }
            ],
            "primary_network_interface_id": "eni-034c8bdb0fd2549f0",
            "private_dns": "ip-10-0-10-123.me-central-1.compute.internal",
            "private_dns_name_options": [
              {
                "enable_resource_name_dns_a_record": false,
                "enable_resource_name_dns_aaaa_record": false,
                "hostname_type": "ip-name"
              }
            ],
            "private_ip": "10.0.10.123",
            "public_dns": "",
            "public_ip": "3.29.231.98",
            "region": "me-central-1",
            "root_block_device": [
              {
                "delete_on_termination": true,
                "device_name": "/dev/xvda",
                "encrypted": false,
                "iops": 3000,
                "kms_key_id": "",
                "tags": {},
                "tags_all": {},
                "throughput": 125,
                "volume_id": "vol-0d9ca13d5f09a3795",
                "volume_size": 8,
                "volume_type": "gp3"
              }
            ],
            "secondary_private_ips": [],
            "security_groups": [
              "sg-09a0426ee7e5c6444"
            ],
            "source_dest_check": true,
            "spot_instance_request_id": "",
            "subnet_id": "subnet-0cee13893c010dee1",
            "tags": {
              "Name": "dev-ec2-instance-2"
            },
            "tags_all": {
              "Name": "dev-ec2-instance-2"
            },
            "tenancy": "default",
            "timeouts": null,
            "user_data": "#!/bin/bash\nyum update -y\nyum install httpd -y\nsystemctl start httpd\nsystemctl enable httpd\necho \"\u003ch1\u003eWelcome to My Web Server\u003c/h1\u003e\" \u003e /var/www/html/index.html\nhostnamectl set-hostname myapp-webserver\necho \"\u003ch2\u003eHostname:  $(hostname)\u003c/h2\u003e\" \u003e\u003e /var/www/html/index.html\nTOKEN=$(curl -s -X PUT \"http://169.254.169.254/latest/api/token\" \\\n  -H \"X-aws-ec2-metadata-token-ttl-seconds: 21600\") \necho \"\u003ch2\u003ePrivate IP: $(curl -s -H \"X-aws-ec2-metadata-token: $TOKEN\"  http://169.254.169.254/latest/meta-data/local-ipv4)\u003c/h2\u003e\" \u003e\u003e /var/www/html/index.html\necho \"\u003ch2\u003ePublic IP: $(curl -s -H \"X-aws-ec2-metadata-token: $TOKEN\"  http://169.254.169.254/latest/meta-data/public-ipv4)\u003c/h2\u003e\" \u003e\u003e /var/www/html/index.html\necho \"\u003ch2\u003ePublic DNS: $(curl -s -H \"X-aws-ec2-metadata-token: $TOKEN\"  http://169.254.169.254/latest/meta-data/public-hostname)\u003c/h2\u003e\" \u003e\u003e /var/www/html/index.html\necho \"\u003ch2\u003eDeployed via Terraform\u003c/h2\u003e\" \u003e\u003e /var/www/html/index. html",
            "user_data_base64": null,
            "user_data_replace_on_change": false,
            "volume_tags": null,
            "vpc_security_group_ids": [
              "sg-09a0426ee7e5c6444"
            ]
          },
          "sensitive_attributes": [],
          "identity_schema_version": 0,
          "identity": {
            "account_id": "249471344514",
            "id": "i-08ccf5ff446d588b3",
            "region": "me-central-1"
          },
          "private": "eyJlMmJmYjczMC1lY2FhLTExZTYtOGY4OC0zNDM2M2JjN2M0YzAiOnsiY3JlYXRlIjo2MDAwMDAwMDAwMDAsImRlbGV0ZSI6MTIwMDAwMDAwMDAwMCwicmVhZCI6OTAwMDAwMDAwMDAwLCJ1cGRhdGUiOjYwMDAwMDAwMDAwMH0sInNjaGVtYV92ZXJzaW9uIjoiMiJ9",
          "dependencies": [
            "aws_subnet.myapp_subnet_1",
            "aws_vpc.myapp_vpc",
            "data.http.my_ip",
            "module.myapp_web_2.aws_key_pair.ssh-key",
            "module.myapp_web_2.aws_security_group.web_sg"
          ]
        }
      ]
    },
    {
      "module": "module.myapp_web_2",
      "mode": "managed",
      "type": "aws_key_pair",
      "name": "ssh-key",
      "provider": "provider[\"registry.terraform.io/hashicorp/aws\"]",
      "instances": [
        {
          "schema_version": 1,
          "attributes": {
            "arn": "arn:aws:ec2:me-central-1:249471344514:key-pair/dev-serverkey-2",
            "fingerprint": "K2w+XJzOpBoThWn8inaMrbpoxLevXf2dEgvDRM3IicA=",
            "id": "dev-serverkey-2",
            "key_name": "dev-serverkey-2",
            "key_name_prefix": "",
            "key_pair_id": "key-0e6a0be3c82fe353a",
            "key_type": "ed25519",
            "public_key": "ssh-ed25519 AAAAC3NzaC1lZDI1NTE5AAAAIN0zZE1jwlzLDpSeyenGIVT0bzy0WuD9jvy5CC1mffm2 codespace@codespaces-704975",
            "region": "me-central-1",
            "tags": null,
            "tags_all": {}
          },
          "sensitive_attributes": [],
          "identity_schema_version": 0,
          "private": "eyJzY2hlbWFfdmVyc2lvbiI6IjEifQ=="
        }
      ]
    },
    {
      "module": "module.myapp_web_2",
      "mode": "managed",
      "type": "aws_security_group",
      "name": "web_sg",
      "provider": "provider[\"registry.terraform.io/hashicorp/aws\"]",
      "instances": [
        {
          "schema_version": 1,
          "attributes": {
            "arn": "arn:aws:ec2:me-central-1:249471344514:security-group/sg-09a0426ee7e5c6444",
            "description": "Security group for web server allowing HTTP, HTTPS and SSH",
            "egress": [
              {
                "cidr_blocks": [
                  "0.0.0.0/0"
                ],
                "description": "",
                "from_port": 0,
                "ipv6_cidr_blocks": [],
                "prefix_list_ids": [],
                "protocol": "-1",
                "security_groups": [],
                "self": false,
                "to_port": 0
              }
            ],
            "id": "sg-09a0426ee7e5c6444",
            "ingress": [
              {
                "cidr_blocks": [
                  "0.0.0.0/0"
                ],
                "description": "",
                "from_port": 443,
                "ipv6_cidr_blocks": [],
                "prefix_list_ids": [],
                "protocol": "tcp",
                "security_groups": [],
                "self": false,
                "to_port": 443
              },
              {
                "cidr_blocks": [
                  "0.0.0.0/0"
                ],
                "description": "",
                "from_port": 80,
                "ipv6_cidr_blocks": [],
                "prefix_list_ids": [],
                "protocol": "tcp",
                "security_groups": [],
                "self": false,
                "to_port": 80
              },
              {
                "cidr_blocks": [
                  "20.192.21.53/32"
                ],
                "description": "",
                "from_port": 22,
                "ipv6_cidr_blocks": [],
                "prefix_list_ids": [],
                "protocol": "tcp",
                "security_groups": [],
                "self": false,
                "to_port": 22
              }
            ],
            "name": "dev-web-sg-2",
            "name_prefix": "",
            "owner_id": "249471344514",
            "region": "me-central-1",
            "revoke_rules_on_delete": false,
            "tags": {
              "Name": "dev-default-sg"
            },
            "tags_all": {
              "Name": "dev-default-sg"
            },
            "timeouts": null,
            "vpc_id": "vpc-0b8820211b0a292d3"
          },
          "sensitive_attributes": [],
          "identity_schema_version": 0,
          "identity": {
            "account_id": "249471344514",
            "id": "sg-09a0426ee7e5c6444",
            "region": "me-central-1"
          },
          "private": "eyJlMmJmYjczMC1lY2FhLTExZTYtOGY4OC0zNDM2M2JjN2M0YzAiOnsiY3JlYXRlIjo2MDAwMDAwMDAwMDAsImRlbGV0ZSI6OTAwMDAwMDAwMDAwfSwic2NoZW1hX3ZlcnNpb24iOiIxIn0=",
          "dependencies": [
            "aws_vpc.myapp_vpc",
            "data.http.my_ip"
          ]
        }
      ]
    },
    {
      "module": "module.myapp_webserver",
      "mode": "managed",
      "type": "aws_instance",
      "name": "myapp-server",
      "provider": "provider[\"registry.terraform.io/hashicorp/aws\"]",
      "instances": [
        {
          "schema_version": 2,
          "attributes": {
            "ami": "ami-05524d6658fcf35b6",
            "arn": "arn:aws:ec2:me-central-1:249471344514:instance/i-0be3eeab3895a6e0c",
            "associate_public_ip_address": true,
            "availability_zone": "me-central-1a",
            "capacity_reservation_specification": [
              {
                "capacity_reservation_preference": "open",
                "capacity_reservation_target": []
              }
            ],
            "cpu_options": [
              {
                "amd_sev_snp": "",
                "core_count": 1,
                "threads_per_core": 2
              }
            ],
            "credit_specification": [
              {
                "cpu_credits": "unlimited"
              }
            ],
            "disable_api_stop": false,
            "disable_api_termination": false,
            "ebs_block_device": [],
            "ebs_optimized": false,
            "enable_primary_ipv6": null,
            "enclave_options": [
              {
                "enabled": false
              }
            ],
            "ephemeral_block_device": [],
            "force_destroy": false,
            "get_password_data": false,
            "hibernation": false,
            "host_id": "",
            "host_resource_group_arn": null,
            "iam_instance_profile": "",
            "id": "i-0be3eeab3895a6e0c",
            "instance_initiated_shutdown_behavior": "stop",
            "instance_lifecycle": "",
            "instance_market_options": [],
            "instance_state": "running",
            "instance_type": "t3.micro",
            "ipv6_address_count": 0,
            "ipv6_addresses": [],
            "key_name": "dev-serverkey-0",
            "launch_template": [],
            "maintenance_options": [
              {
                "auto_recovery": "default"
              }
            ],
            "metadata_options": [
              {
                "http_endpoint": "enabled",
                "http_protocol_ipv6": "disabled",
                "http_put_response_hop_limit": 2,
                "http_tokens": "required",
                "instance_metadata_tags": "disabled"
              }
            ],
            "monitoring": false,
            "network_interface": [],
            "outpost_arn": "",
            "password_data": "",
            "placement_group": "",
            "placement_group_id": "",
            "placement_partition_number": 0,
            "primary_network_interface": [
              {
                "delete_on_termination": true,
                "network_interface_id": "eni-0002391cf5d8481e9"
              }
            ],
            "primary_network_interface_id": "eni-0002391cf5d8481e9",
            "private_dns": "ip-10-0-10-56.me-central-1.compute.internal",
            "private_dns_name_options": [
              {
                "enable_resource_name_dns_a_record": false,
                "enable_resource_name_dns_aaaa_record": false,
                "hostname_type": "ip-name"
              }
            ],
            "private_ip": "10.0.10.56",
            "public_dns": "",
            "public_ip": "51.112.51.163",
            "region": "me-central-1",
            "root_block_device": [
              {
                "delete_on_termination": true,
                "device_name": "/dev/xvda",
                "encrypted": false,
                "iops": 3000,
                "kms_key_id": "",
                "tags": {},
                "tags_all": {},
                "throughput": 125,
                "volume_id": "vol-0ff2fd4f6c29c855d",
                "volume_size": 8,
                "volume_type": "gp3"
              }
            ],
            "secondary_private_ips": [],
            "security_groups": [
              "sg-0f16f39c9cbce36db"
            ],
            "source_dest_check": true,
            "spot_instance_request_id": "",
            "subnet_id": "subnet-0cee13893c010dee1",
            "tags": {
              "Name": "dev-ec2-instance-0"
            },
            "tags_all": {
              "Name": "dev-ec2-instance-0"
            },
            "tenancy": "default",
            "timeouts": null,
            "user_data": "#!/bin/bash\nset -e\n\ndnf update -y\ndnf install -y nginx openssl\n\nsystemctl enable nginx\nsystemctl start nginx\n\nmkdir -p /etc/ssl/private\nmkdir -p /etc/ssl/certs\n\nTOKEN=$(curl -s -X PUT \"http://169.254.169.254/latest/api/token\" \\\n  -H \"X-aws-ec2-metadata-token-ttl-seconds: 21600\")\n\nPUBLIC_IP=$(curl -s -H \"X-aws-ec2-metadata-token: $TOKEN\" \\\n  http://169.254.169.254/latest/meta-data/public-ipv4)\n\nopenssl req -x509 -nodes -days 365 -newkey rsa:2048 \\\n  -keyout /etc/ssl/private/selfsigned.key \\\n  -out /etc/ssl/certs/selfsigned.crt \\\n  -subj \"/CN=$PUBLIC_IP\" \\\n  -addext \"subjectAltName=IP:$PUBLIC_IP\"\n\ncp /etc/nginx/nginx.conf /etc/nginx/nginx.conf.bak\n\ncat \u003c\u003cEOF \u003e /etc/nginx/nginx.conf\nuser nginx;\nworker_processes auto;\nerror_log /var/log/nginx/error.log notice;\npid /run/nginx.pid;\n\nevents {\n    worker_connections 1024;\n}\n\nhttp {\n    include             /etc/nginx/mime.types;\n    default_type        application/octet-stream;\n\n    server {\n        listen 443 ssl;\n        server_name $PUBLIC_IP;\n\n        ssl_certificate     /etc/ssl/certs/selfsigned.crt;\n        ssl_certificate_key /etc/ssl/private/selfsigned.key;\n\n        location / {\n            root /usr/share/nginx/html;\n            index index.html;\n        }\n    }\n\n    server {\n        listen 80;\n        return 301 https://\\$host\\$request_uri;\n    }\n}\nEOF\n\nnginx -t\nsystemctl restart nginx\n",
            "user_data_base64": null,
            "user_data_replace_on_change": false,
            "volume_tags": null,
            "vpc_security_group_ids": [
              "sg-0f16f39c9cbce36db"
            ]
          },
          "sensitive_attributes": [],
          "identity_schema_version": 0,
          "identity": {
            "account_id": "249471344514",
            "id": "i-0be3eeab3895a6e0c",
            "region": "me-central-1"
          },
          "private": "eyJlMmJmYjczMC1lY2FhLTExZTYtOGY4OC0zNDM2M2JjN2M0YzAiOnsiY3JlYXRlIjo2MDAwMDAwMDAwMDAsImRlbGV0ZSI6MTIwMDAwMDAwMDAwMCwicmVhZCI6OTAwMDAwMDAwMDAwLCJ1cGRhdGUiOjYwMDAwMDAwMDAwMH0sInNjaGVtYV92ZXJzaW9uIjoiMiJ9",
          "dependencies": [
            "aws_subnet.myapp_subnet_1",
            "aws_vpc.myapp_vpc",
            "data.http.my_ip",
            "module.myapp_webserver.aws_key_pair.ssh-key",
            "module.myapp_webserver.aws_security_group.web_sg"
          ]
        }
      ]
    },
    {
      "module": "module.myapp_webserver",
      "mode": "managed",
      "type": "aws_key_pair",
      "name": "ssh-key",
      "provider": "provider[\"registry.terraform.io/hashicorp/aws\"]",
      "instances": [
        {
          "schema_version": 1,
          "attributes": {
            "arn": "arn:aws:ec2:me-central-1:249471344514:key-pair/dev-serverkey-0",
            "fingerprint": "K2w+XJzOpBoThWn8inaMrbpoxLevXf2dEgvDRM3IicA=",
            "id": "dev-serverkey-0",
            "key_name": "dev-serverkey-0",
            "key_name_prefix": "",
            "key_pair_id": "key-0da19e3f4c34fdec3",
            "key_type": "ed25519",
            "public_key": "ssh-ed25519 AAAAC3NzaC1lZDI1NTE5AAAAIN0zZE1jwlzLDpSeyenGIVT0bzy0WuD9jvy5CC1mffm2 codespace@codespaces-704975",
            "region": "me-central-1",
            "tags": {},
            "tags_all": {}
          },
          "sensitive_attributes": [],
          "identity_schema_version": 0,
          "private": "eyJzY2hlbWFfdmVyc2lvbiI6IjEifQ=="
        }
      ]
    },
    {
      "module": "module.myapp_webserver",
      "mode": "managed",
      "type": "aws_security_group",
      "name": "web_sg",
      "provider": "provider[\"registry.terraform.io/hashicorp/aws\"]",
      "instances": [
        {
          "schema_version": 1,
          "attributes": {
            "arn": "arn:aws:ec2:me-central-1:249471344514:security-group/sg-0f16f39c9cbce36db",
            "description": "Security group for web server allowing HTTP, HTTPS and SSH",
            "egress": [
              {
                "cidr_blocks": [
                  "0.0.0.0/0"
                ],
                "description": "",
                "from_port": 0,
                "ipv6_cidr_blocks": [],
                "prefix_list_ids": [],
                "protocol": "-1",
                "security_groups": [],
                "self": false,
                "to_port": 0
              }
            ],
            "id": "sg-0f16f39c9cbce36db",
            "ingress": [
              {
                "cidr_blocks": [
                  "0.0.0.0/0"
                ],
                "description": "",
                "from_port": 443,
                "ipv6_cidr_blocks": [],
                "prefix_list_ids": [],
                "protocol": "tcp",
                "security_groups": [],
                "self": false,
                "to_port": 443
              },
              {
                "cidr_blocks": [
                  "0.0.0.0/0"
                ],
                "description": "",
                "from_port": 80,
                "ipv6_cidr_blocks": [],
                "prefix_list_ids": [],
                "protocol": "tcp",
                "security_groups": [],
                "self": false,
                "to_port": 80
              },
              {
                "cidr_blocks": [
                  "20.192.21.53/32"
                ],
                "description": "",
                "from_port": 22,
                "ipv6_cidr_blocks": [],
                "prefix_list_ids": [],
                "protocol": "tcp",
                "security_groups": [],
                "self": false,
                "to_port": 22
              }
            ],
            "name": "dev-web-sg-0",
            "name_prefix": "",
            "owner_id": "249471344514",
            "region": "me-central-1",
            "revoke_rules_on_delete": false,
            "tags": {
              "Name": "dev-default-sg"
            },
            "tags_all": {
              "Name": "dev-default-sg"
            },
            "timeouts": null,
            "vpc_id": "vpc-0b8820211b0a292d3"
          },
          "sensitive_attributes": [],
          "identity_schema_version": 0,
          "identity": {
            "account_id": "249471344514",
            "id": "sg-0f16f39c9cbce36db",
            "region": "me-central-1"
          },
          "private": "eyJlMmJmYjczMC1lY2FhLTExZTYtOGY4OC0zNDM2M2JjN2M0YzAiOnsiY3JlYXRlIjo2MDAwMDAwMDAwMDAsImRlbGV0ZSI6OTAwMDAwMDAwMDAwfSwic2NoZW1hX3ZlcnNpb24iOiIxIn0=",
          "dependencies": [
            "aws_vpc.myapp_vpc",
            "data.http.my_ip"
          ]
        }
      ]
    }
  ],
  "check_results": null
}
